{
  "name": "fullsite",
  "lockfileVersion": 2,
  "requires": true,
  "packages": {
    "": {
      "dependencies": {
        "country-codes-list": "^1.6.8"
      }
    },
    "node_modules/country-codes-list": {
      "version": "1.6.8",
      "resolved": "https://registry.npmjs.org/country-codes-list/-/country-codes-list-1.6.8.tgz",
      "integrity": "sha512-wsqH44Yx3pTyPA77jYt2Nxso6kXziMwxI37fJFQLcd/3ome8Gqz6areaeG1w8zfeU9i+cZvJA3k2Mo5EW7rAtg=="
    }
  },
  "dependencies": {
    "country-codes-list": {
      "version": "1.6.8",
      "resolved": "https://registry.npmjs.org/country-codes-list/-/country-codes-list-1.6.8.tgz",
      "integrity": "sha512-wsqH44Yx3pTyPA77jYt2Nxso6kXziMwxI37fJFQLcd/3ome8Gqz6areaeG1w8zfeU9i+cZvJA3k2Mo5EW7rAtg=="
    }
  }
}
